
Microsoft Visual Studio Solution File, Format Version 12.00
# Visual Studio Version 17
VisualStudioVersion = 17.14.37301.10 d17.14
MinimumVisualStudioVersion = 10.0.40219.1
Project("{FAE04EC0-301F-11D3-BF4B-00C04F79EFBC}") = "AirQuality.Common", "AirQuality.Common\AirQuality.Common.csproj", "{27E745D5-61E9-46BC-A952-0C710804D127}"
EndProject
Project("{FAE04EC0-301F-11D3-BF4B-00C04F79EFBC}") = "AirQuality.Component1", "AirQuality.Component1\AirQuality.Component1.csproj", "{65140EA0-C189-4485-93A8-F7B8A9CE94FE}"
EndProject
Project("{FAE04EC0-301F-11D3-BF4B-00C04F79EFBC}") = "AirQuality.Component2", "AirQuality.Component2\AirQuality.Component2.csproj", "{17C0A31A-3580-4EBE-A3F6-AF736BF699EC}"
EndProject
Global
	GlobalSection(SolutionConfigurationPlatforms) = preSolution
		Debug|Any CPU = Debug|Any CPU
		Release|Any CPU = Release|Any CPU
	EndGlobalSection
	GlobalSection(ProjectConfigurationPlatforms) = postSolution
		{27E745D5-61E9-46BC-A952-0C710804D127}.Debug|Any CPU.ActiveCfg = Debug|Any CPU
		{27E745D5-61E9-46BC-A952-0C710804D127}.Debug|Any CPU.Build.0 = Debug|Any CPU
		{27E745D5-61E9-46BC-A952-0C710804D127}.Release|Any CPU.ActiveCfg = Release|Any CPU
		{27E745D5-61E9-46BC-A952-0C710804D127}.Release|Any CPU.Build.0 = Release|Any CPU
		{65140EA0-C189-4485-93A8-F7B8A9CE94FE}.Debug|Any CPU.ActiveCfg = Debug|Any CPU
		{65140EA0-C189-4485-93A8-F7B8A9CE94FE}.Debug|Any CPU.Build.0 = Debug|Any CPU
		{65140EA0-C189-4485-93A8-F7B8A9CE94FE}.Release|Any CPU.ActiveCfg = Release|Any CPU
		{65140EA0-C189-4485-93A8-F7B8A9CE94FE}.Release|Any CPU.Build.0 = Release|Any CPU
		{17C0A31A-3580-4EBE-A3F6-AF736BF699EC}.Debug|Any CPU.ActiveCfg = Debug|Any CPU
		{17C0A31A-3580-4EBE-A3F6-AF736BF699EC}.Debug|Any CPU.Build.0 = Debug|Any CPU
		{17C0A31A-3580-4EBE-A3F6-AF736BF699EC}.Release|Any CPU.ActiveCfg = Release|Any CPU
		{17C0A31A-3580-4EBE-A3F6-AF736BF699EC}.Release|Any CPU.Build.0 = Release|Any CPU
	EndGlobalSection
	GlobalSection(SolutionProperties) = preSolution
		HideSolutionNode = FALSE
	EndGlobalSection
	GlobalSection(ExtensibilityGlobals) = postSolution
		SolutionGuid = {64681FDF-5D0D-457F-87B1-EE2273DAF870}
	EndGlobalSection
EndGlobal
